# lwpt.lock - generated by lwpt; do not edit by hand.
version = 3

[package.testing]
source = "frostney/lwpt"
resolvedRef = "0.4.0"
resolvedURL = "https://github.com/frostney/lwpt/archive/0.4.0.tar.gz"
computedHash = "sha256:560aa140e6c2e5ff6479417f41d02d9b17fc5b89d62a08ca888d13f88ce18793"
archiveHash = "sha256:e46ec4c0cfcf5b5c65d17bc8dc1e785df1b3bc759e9797fb2cce2d1fdbe1506d"

[package.cli]
source = "frostney/lwpt"
resolvedRef = "0.4.0"
resolvedURL = "https://github.com/frostney/lwpt/archive/0.4.0.tar.gz"
computedHash = "sha256:4e063157c3da371b408af6a2197811890626c803a1b66e65d4b4d8c2a97880e4"
archiveHash = "sha256:e46ec4c0cfcf5b5c65d17bc8dc1e785df1b3bc759e9797fb2cce2d1fdbe1506d"
