# lwpt.lock - generated by lwpt; do not edit by hand.
version = 3

[package.testing]
source = "frostney/lwpt"
resolvedRef = "0.7.0"
resolvedCommit = "360227fcd3f123af1a5d08735832e84c1bd4c3af"
sourceIdentity = "git|https://github.com/frostney/lwpt.git|exclude=**/*.Test.pas|include=packages/testing/**"
constraintFingerprint = "sha256:5432798a9886a35f2c9432488e0af1411d8c6bedc0dc016cce9876821d7ceef9"
resolvedURL = "https://github.com/frostney/lwpt/archive/360227fcd3f123af1a5d08735832e84c1bd4c3af.tar.gz"
computedHash = "sha256:8fe5a5e1176557e57324aa13879b9b438e6b3e2f6176df94171bc85c303c2e35"
archiveHash = "sha256:a8f0d4e406eb8c1f0e4bf669a06b2c47f11b67fb421e97bec8a5ca5e020c8e7a"

[package.cli]
source = "frostney/lwpt"
resolvedRef = "0.7.0"
resolvedCommit = "360227fcd3f123af1a5d08735832e84c1bd4c3af"
sourceIdentity = "git|https://github.com/frostney/lwpt.git|exclude=**/*.Test.pas|include=packages/cli/**"
constraintFingerprint = "sha256:024f7cf22ac99db07955e2a78526015be739497d3297f32c150773265f5a6714"
resolvedURL = "https://github.com/frostney/lwpt/archive/360227fcd3f123af1a5d08735832e84c1bd4c3af.tar.gz"
computedHash = "sha256:b85e0ea0bf347009214700febd8f47fab99d1a7529fa51808c84fc8f8a1808e7"
archiveHash = "sha256:a8f0d4e406eb8c1f0e4bf669a06b2c47f11b67fb421e97bec8a5ca5e020c8e7a"
